
Microsoft Visual Studio Solution File, Format Version 12.00
# Visual Studio Version 17
VisualStudioVersion = 17.0.31903.59
MinimumVisualStudioVersion = 10.0.40219.1
Project("{FAE04EC0-301F-11D3-BF4B-00C04F79EFBC}") = "FlightsExtractor.App", "FlightsExtractor.App\FlightsExtractor.App.csproj", "{0D2F3266-E0EB-49AC-A294-86470731EC36}"
EndProject
Project("{FAE04EC0-301F-11D3-BF4B-00C04F79EFBC}") = "FlightsExtractor.Extractor", "FlightsExtractor.Extractor\FlightsExtractor.Extractor.csproj", "{373480FF-0910-49CC-B502-DD73F99325B7}"
EndProject
Project("{FAE04EC0-301F-11D3-BF4B-00C04F79EFBC}") = "FlightsExtractor.Extractor.Tests", "FlightsExtractor.Extractor.Tests\FlightsExtractor.Extractor.Tests.csproj", "{B83ADF00-C32D-4254-840C-5FBF85C4260B}"
EndProject
Global
	GlobalSection(SolutionConfigurationPlatforms) = preSolution
		Debug|Any CPU = Debug|Any CPU
		Release|Any CPU = Release|Any CPU
	EndGlobalSection
	GlobalSection(SolutionProperties) = preSolution
		HideSolutionNode = FALSE
	EndGlobalSection
	GlobalSection(ProjectConfigurationPlatforms) = postSolution
		{0D2F3266-E0EB-49AC-A294-86470731EC36}.Debug|Any CPU.ActiveCfg = Debug|Any CPU
		{0D2F3266-E0EB-49AC-A294-86470731EC36}.Debug|Any CPU.Build.0 = Debug|Any CPU
		{0D2F3266-E0EB-49AC-A294-86470731EC36}.Release|Any CPU.ActiveCfg = Release|Any CPU
		{0D2F3266-E0EB-49AC-A294-86470731EC36}.Release|Any CPU.Build.0 = Release|Any CPU
		{373480FF-0910-49CC-B502-DD73F99325B7}.Debug|Any CPU.ActiveCfg = Debug|Any CPU
		{373480FF-0910-49CC-B502-DD73F99325B7}.Debug|Any CPU.Build.0 = Debug|Any CPU
		{373480FF-0910-49CC-B502-DD73F99325B7}.Release|Any CPU.ActiveCfg = Release|Any CPU
		{373480FF-0910-49CC-B502-DD73F99325B7}.Release|Any CPU.Build.0 = Release|Any CPU
		{B83ADF00-C32D-4254-840C-5FBF85C4260B}.Debug|Any CPU.ActiveCfg = Debug|Any CPU
		{B83ADF00-C32D-4254-840C-5FBF85C4260B}.Debug|Any CPU.Build.0 = Debug|Any CPU
		{B83ADF00-C32D-4254-840C-5FBF85C4260B}.Release|Any CPU.ActiveCfg = Release|Any CPU
		{B83ADF00-C32D-4254-840C-5FBF85C4260B}.Release|Any CPU.Build.0 = Release|Any CPU
	EndGlobalSection
EndGlobal
